
Microsoft Visual Studio Solution File, Format Version 12.00
# Visual Studio Version 17
VisualStudioVersion = 17.12.35521.163
MinimumVisualStudioVersion = 10.0.40219.1
Project("{FAE04EC0-301F-11D3-BF4B-00C04F79EFBC}") = "Heluo", "src\Heluo\Heluo.csproj", "{63083F1D-D00D-4834-BC50-589FE2CCF1A0}"
EndProject
Project("{FAE04EC0-301F-11D3-BF4B-00C04F79EFBC}") = "Heluo.Client", "src\Heluo.Client\Heluo.Client.csproj", "{F4FE4CF8-789B-4A0E-85AF-E4301916DFDB}"
EndProject
Project("{FAE04EC0-301F-11D3-BF4B-00C04F79EFBC}") = "Heluo.Rcl", "src\Heluo.Rcl\Heluo.Rcl.csproj", "{68A033EC-1995-4119-B2C8-7EF7F63D359A}"
EndProject
Project("{FAE04EC0-301F-11D3-BF4B-00C04F79EFBC}") = "Heluo.Server", "src\Heluo.Server\Heluo.Server.csproj", "{09D565EC-25BD-4F6C-AC18-9EE9A81CA350}"
EndProject
Project("{2150E333-8FDC-42A3-9474-1A3956D46DE8}") = "UI", "UI", "{482F1CA4-AAE3-4831-B474-1D7B8C0B6B1F}"
EndProject
Project("{2150E333-8FDC-42A3-9474-1A3956D46DE8}") = "Rcl", "Rcl", "{DDF1F8C8-CFD6-4F47-9F50-85F005139D83}"
EndProject
Project("{2150E333-8FDC-42A3-9474-1A3956D46DE8}") = "Infrastructure", "Infrastructure", "{9FB79CBC-BF82-445F-B8C3-0B559A852B55}"
EndProject
Project("{FAE04EC0-301F-11D3-BF4B-00C04F79EFBC}") = "Heluo.Infrastructure", "src\Heluo.Infrastructure\Heluo.Infrastructure.csproj", "{EB9A847F-E199-4E8E-B4AE-2AA38C95A54B}"
EndProject
Project("{2150E333-8FDC-42A3-9474-1A3956D46DE8}") = "Services", "Services", "{6C95939B-7A98-49A5-B42A-09B494F3FBB3}"
EndProject
Project("{FAE04EC0-301F-11D3-BF4B-00C04F79EFBC}") = "Heluo.Services", "src\Heluo.Services\Heluo.Services.csproj", "{73A1A96C-50FA-442C-83C1-083DEF51E26A}"
EndProject
Global
	GlobalSection(SolutionConfigurationPlatforms) = preSolution
		Debug|Any CPU = Debug|Any CPU
		Release|Any CPU = Release|Any CPU
	EndGlobalSection
	GlobalSection(ProjectConfigurationPlatforms) = postSolution
		{63083F1D-D00D-4834-BC50-589FE2CCF1A0}.Debug|Any CPU.ActiveCfg = Debug|Any CPU
		{63083F1D-D00D-4834-BC50-589FE2CCF1A0}.Debug|Any CPU.Build.0 = Debug|Any CPU
		{63083F1D-D00D-4834-BC50-589FE2CCF1A0}.Debug|Any CPU.Deploy.0 = Debug|Any CPU
		{63083F1D-D00D-4834-BC50-589FE2CCF1A0}.Release|Any CPU.ActiveCfg = Release|Any CPU
		{63083F1D-D00D-4834-BC50-589FE2CCF1A0}.Release|Any CPU.Build.0 = Release|Any CPU
		{63083F1D-D00D-4834-BC50-589FE2CCF1A0}.Release|Any CPU.Deploy.0 = Release|Any CPU
		{F4FE4CF8-789B-4A0E-85AF-E4301916DFDB}.Debug|Any CPU.ActiveCfg = Debug|Any CPU
		{F4FE4CF8-789B-4A0E-85AF-E4301916DFDB}.Debug|Any CPU.Build.0 = Debug|Any CPU
		{F4FE4CF8-789B-4A0E-85AF-E4301916DFDB}.Release|Any CPU.ActiveCfg = Release|Any CPU
		{F4FE4CF8-789B-4A0E-85AF-E4301916DFDB}.Release|Any CPU.Build.0 = Release|Any CPU
		{68A033EC-1995-4119-B2C8-7EF7F63D359A}.Debug|Any CPU.ActiveCfg = Debug|Any CPU
		{68A033EC-1995-4119-B2C8-7EF7F63D359A}.Debug|Any CPU.Build.0 = Debug|Any CPU
		{68A033EC-1995-4119-B2C8-7EF7F63D359A}.Release|Any CPU.ActiveCfg = Release|Any CPU
		{68A033EC-1995-4119-B2C8-7EF7F63D359A}.Release|Any CPU.Build.0 = Release|Any CPU
		{09D565EC-25BD-4F6C-AC18-9EE9A81CA350}.Debug|Any CPU.ActiveCfg = Debug|Any CPU
		{09D565EC-25BD-4F6C-AC18-9EE9A81CA350}.Debug|Any CPU.Build.0 = Debug|Any CPU
		{09D565EC-25BD-4F6C-AC18-9EE9A81CA350}.Release|Any CPU.ActiveCfg = Release|Any CPU
		{09D565EC-25BD-4F6C-AC18-9EE9A81CA350}.Release|Any CPU.Build.0 = Release|Any CPU
		{EB9A847F-E199-4E8E-B4AE-2AA38C95A54B}.Debug|Any CPU.ActiveCfg = Debug|Any CPU
		{EB9A847F-E199-4E8E-B4AE-2AA38C95A54B}.Debug|Any CPU.Build.0 = Debug|Any CPU
		{EB9A847F-E199-4E8E-B4AE-2AA38C95A54B}.Release|Any CPU.ActiveCfg = Release|Any CPU
		{EB9A847F-E199-4E8E-B4AE-2AA38C95A54B}.Release|Any CPU.Build.0 = Release|Any CPU
		{73A1A96C-50FA-442C-83C1-083DEF51E26A}.Debug|Any CPU.ActiveCfg = Debug|Any CPU
		{73A1A96C-50FA-442C-83C1-083DEF51E26A}.Debug|Any CPU.Build.0 = Debug|Any CPU
		{73A1A96C-50FA-442C-83C1-083DEF51E26A}.Release|Any CPU.ActiveCfg = Release|Any CPU
		{73A1A96C-50FA-442C-83C1-083DEF51E26A}.Release|Any CPU.Build.0 = Release|Any CPU
	EndGlobalSection
	GlobalSection(SolutionProperties) = preSolution
		HideSolutionNode = FALSE
	EndGlobalSection
	GlobalSection(NestedProjects) = preSolution
		{63083F1D-D00D-4834-BC50-589FE2CCF1A0} = {482F1CA4-AAE3-4831-B474-1D7B8C0B6B1F}
		{F4FE4CF8-789B-4A0E-85AF-E4301916DFDB} = {482F1CA4-AAE3-4831-B474-1D7B8C0B6B1F}
		{68A033EC-1995-4119-B2C8-7EF7F63D359A} = {DDF1F8C8-CFD6-4F47-9F50-85F005139D83}
		{09D565EC-25BD-4F6C-AC18-9EE9A81CA350} = {482F1CA4-AAE3-4831-B474-1D7B8C0B6B1F}
		{EB9A847F-E199-4E8E-B4AE-2AA38C95A54B} = {9FB79CBC-BF82-445F-B8C3-0B559A852B55}
		{73A1A96C-50FA-442C-83C1-083DEF51E26A} = {6C95939B-7A98-49A5-B42A-09B494F3FBB3}
	EndGlobalSection
EndGlobal
